
Microsoft Visual Studio Solution File, Format Version 12.00
# Visual Studio Version 16
VisualStudioVersion = 16.0.29613.14
MinimumVisualStudioVersion = 10.0.40219.1
Project("{FAE04EC0-301F-11D3-BF4B-00C04F79EFBC}") = "Stho.Auth", "Stho.Auth\Stho.Auth.csproj", "{7D205245-FFFE-4EC4-8B3D-FFD8A1261CEA}"
EndProject
Project("{FAE04EC0-301F-11D3-BF4B-00C04F79EFBC}") = "Stho.Auth.UnityExtension", "Stho.Auth.UnityExtension\Stho.Auth.UnityExtension.csproj", "{0CE1A72C-2C28-467A-939F-7EFB255E33D2}"
EndProject
Project("{FAE04EC0-301F-11D3-BF4B-00C04F79EFBC}") = "Stho.Auth.WebExample", "Stho.Auth.WebExample\Stho.Auth.WebExample.csproj", "{CDB348F0-9938-42EE-A63C-F560DA19C204}"
EndProject
Project("{FAE04EC0-301F-11D3-BF4B-00C04F79EFBC}") = "Stho.Auth.IntegrationTests", "Stho.Auth.IntegrationTests\Stho.Auth.IntegrationTests.csproj", "{386ED449-F0FF-4DAC-96F8-FA4C9A7B5794}"
EndProject
Project("{2150E333-8FDC-42A3-9474-1A3956D46DE8}") = "Stho", "Stho", "{BC32E756-56A4-4D43-B7A4-EA373EC19DD7}"
ProjectSection(SolutionItems) = preProject
	README.md = README.md
EndProjectSection
EndProject
Global
	GlobalSection(SolutionConfigurationPlatforms) = preSolution
		Debug|Any CPU = Debug|Any CPU
		Release|Any CPU = Release|Any CPU
	EndGlobalSection
	GlobalSection(ProjectConfigurationPlatforms) = postSolution
		{7D205245-FFFE-4EC4-8B3D-FFD8A1261CEA}.Debug|Any CPU.ActiveCfg = Debug|Any CPU
		{7D205245-FFFE-4EC4-8B3D-FFD8A1261CEA}.Debug|Any CPU.Build.0 = Debug|Any CPU
		{7D205245-FFFE-4EC4-8B3D-FFD8A1261CEA}.Release|Any CPU.ActiveCfg = Release|Any CPU
		{7D205245-FFFE-4EC4-8B3D-FFD8A1261CEA}.Release|Any CPU.Build.0 = Release|Any CPU
		{0CE1A72C-2C28-467A-939F-7EFB255E33D2}.Debug|Any CPU.ActiveCfg = Debug|Any CPU
		{0CE1A72C-2C28-467A-939F-7EFB255E33D2}.Debug|Any CPU.Build.0 = Debug|Any CPU
		{0CE1A72C-2C28-467A-939F-7EFB255E33D2}.Release|Any CPU.ActiveCfg = Release|Any CPU
		{0CE1A72C-2C28-467A-939F-7EFB255E33D2}.Release|Any CPU.Build.0 = Release|Any CPU
		{CDB348F0-9938-42EE-A63C-F560DA19C204}.Debug|Any CPU.ActiveCfg = Debug|Any CPU
		{CDB348F0-9938-42EE-A63C-F560DA19C204}.Debug|Any CPU.Build.0 = Debug|Any CPU
		{CDB348F0-9938-42EE-A63C-F560DA19C204}.Release|Any CPU.ActiveCfg = Release|Any CPU
		{CDB348F0-9938-42EE-A63C-F560DA19C204}.Release|Any CPU.Build.0 = Release|Any CPU
		{386ED449-F0FF-4DAC-96F8-FA4C9A7B5794}.Debug|Any CPU.ActiveCfg = Debug|Any CPU
		{386ED449-F0FF-4DAC-96F8-FA4C9A7B5794}.Debug|Any CPU.Build.0 = Debug|Any CPU
		{386ED449-F0FF-4DAC-96F8-FA4C9A7B5794}.Release|Any CPU.ActiveCfg = Release|Any CPU
		{386ED449-F0FF-4DAC-96F8-FA4C9A7B5794}.Release|Any CPU.Build.0 = Release|Any CPU
	EndGlobalSection
	GlobalSection(SolutionProperties) = preSolution
		HideSolutionNode = FALSE
	EndGlobalSection
	GlobalSection(ExtensibilityGlobals) = postSolution
		SolutionGuid = {FE501B59-68EC-416D-939A-B2FB7A1B9DFA}
	EndGlobalSection
EndGlobal
